
Microsoft Visual Studio Solution File, Format Version 11.00
# Visual Studio 2010
Project("{159641D6-6404-4A2A-AE62-294DE0FE8301}") = "Data Load", "Data Load\Data Load.dtproj", "{3B2207EA-F4AA-4955-8044-C669BEF5434E}"
EndProject
Global
	GlobalSection(SolutionConfigurationPlatforms) = preSolution
		Development|Default = Development|Default
	EndGlobalSection
	GlobalSection(ProjectConfigurationPlatforms) = postSolution
		{3B2207EA-F4AA-4955-8044-C669BEF5434E}.Development|Default.ActiveCfg = Development
		{3B2207EA-F4AA-4955-8044-C669BEF5434E}.Development|Default.Build.0 = Development
	EndGlobalSection
	GlobalSection(SolutionProperties) = preSolution
		HideSolutionNode = FALSE
	EndGlobalSection
EndGlobal
