
Microsoft Visual Studio Solution File, Format Version 12.00
# Visual Studio 2013
VisualStudioVersion = 12.0.31101.0
MinimumVisualStudioVersion = 10.0.40219.1
Project("{581633EB-B896-402F-8E60-36F3DA191C85}") = "Meerkat.ReportsManager", "Meerkat.ReportsManager\Meerkat.ReportsManager.lsxtproj", "{0770D48A-2601-4AE2-86E6-1BF188B77321}"
EndProject
Project("{FAE04EC0-301F-11D3-BF4B-00C04F79EFBC}") = "Meerkat.ReportsManager.Server", "Meerkat.ReportsManager\Meerkat.ReportsManager.Server\Meerkat.ReportsManager.Server.csproj", "{FEE2D8D6-4C70-4CCA-870E-91CB9E251C8F}"
EndProject
Project("{262852C6-CD72-467D-83FE-5EEB1973A190}") = "Meerkat.ReportsManager.HTMLClient", "Meerkat.ReportsManager\Meerkat.ReportsManager.HTMLClient\Meerkat.ReportsManager.HTMLClient.jsproj", "{9165DF63-F8BA-490A-BDA9-55670272CCE0}"
EndProject
Project("{FAE04EC0-301F-11D3-BF4B-00C04F79EFBC}") = "Meerkat.GeoJSON", "..\Spatial\GeoJSON\GeoJSON\Meerkat.GeoJSON.csproj", "{CD2676BB-A6C5-45EE-BEFC-FD330A5D5718}"
EndProject
Global
	GlobalSection(SolutionConfigurationPlatforms) = preSolution
		Debug|Any CPU = Debug|Any CPU
		Release|Any CPU = Release|Any CPU
	EndGlobalSection
	GlobalSection(ProjectConfigurationPlatforms) = postSolution
		{0770D48A-2601-4AE2-86E6-1BF188B77321}.Debug|Any CPU.ActiveCfg = Debug|Any CPU
		{0770D48A-2601-4AE2-86E6-1BF188B77321}.Debug|Any CPU.Build.0 = Debug|Any CPU
		{0770D48A-2601-4AE2-86E6-1BF188B77321}.Release|Any CPU.ActiveCfg = Release|Any CPU
		{0770D48A-2601-4AE2-86E6-1BF188B77321}.Release|Any CPU.Build.0 = Release|Any CPU
		{FEE2D8D6-4C70-4CCA-870E-91CB9E251C8F}.Debug|Any CPU.ActiveCfg = Debug|Any CPU
		{FEE2D8D6-4C70-4CCA-870E-91CB9E251C8F}.Debug|Any CPU.Build.0 = Debug|Any CPU
		{FEE2D8D6-4C70-4CCA-870E-91CB9E251C8F}.Release|Any CPU.ActiveCfg = Release|Any CPU
		{FEE2D8D6-4C70-4CCA-870E-91CB9E251C8F}.Release|Any CPU.Build.0 = Release|Any CPU
		{9165DF63-F8BA-490A-BDA9-55670272CCE0}.Debug|Any CPU.ActiveCfg = Debug|Any CPU
		{9165DF63-F8BA-490A-BDA9-55670272CCE0}.Debug|Any CPU.Build.0 = Debug|Any CPU
		{9165DF63-F8BA-490A-BDA9-55670272CCE0}.Release|Any CPU.ActiveCfg = Release|Any CPU
		{9165DF63-F8BA-490A-BDA9-55670272CCE0}.Release|Any CPU.Build.0 = Release|Any CPU
		{CD2676BB-A6C5-45EE-BEFC-FD330A5D5718}.Debug|Any CPU.ActiveCfg = Debug|Any CPU
		{CD2676BB-A6C5-45EE-BEFC-FD330A5D5718}.Debug|Any CPU.Build.0 = Debug|Any CPU
		{CD2676BB-A6C5-45EE-BEFC-FD330A5D5718}.Release|Any CPU.ActiveCfg = Release|Any CPU
		{CD2676BB-A6C5-45EE-BEFC-FD330A5D5718}.Release|Any CPU.Build.0 = Release|Any CPU
	EndGlobalSection
	GlobalSection(SolutionProperties) = preSolution
		HideSolutionNode = FALSE
	EndGlobalSection
EndGlobal
