
Microsoft Visual Studio Solution File, Format Version 11.00
# Visual Studio 2010
Project("{F14B399A-7131-4C87-9E4B-1186C45EF12D}") = "ObsoleteReports", "MeerkatReports\ObsoleteReports.rptproj", "{2A24571E-0C23-4DC4-88DD-E07A466CBD48}"
EndProject
Global
	GlobalSection(SolutionConfigurationPlatforms) = preSolution
		Debug|Default = Debug|Default
		DebugLocal|Default = DebugLocal|Default
		Release|Default = Release|Default
	EndGlobalSection
	GlobalSection(ProjectConfigurationPlatforms) = postSolution
		{2A24571E-0C23-4DC4-88DD-E07A466CBD48}.Debug|Default.ActiveCfg = Debug
		{2A24571E-0C23-4DC4-88DD-E07A466CBD48}.Debug|Default.Build.0 = DebugLocal
		{2A24571E-0C23-4DC4-88DD-E07A466CBD48}.Debug|Default.Deploy.0 = DebugLocal
		{2A24571E-0C23-4DC4-88DD-E07A466CBD48}.DebugLocal|Default.ActiveCfg = DebugLocal
		{2A24571E-0C23-4DC4-88DD-E07A466CBD48}.DebugLocal|Default.Build.0 = DebugLocal
		{2A24571E-0C23-4DC4-88DD-E07A466CBD48}.Release|Default.ActiveCfg = Release
		{2A24571E-0C23-4DC4-88DD-E07A466CBD48}.Release|Default.Build.0 = Release
		{2A24571E-0C23-4DC4-88DD-E07A466CBD48}.Release|Default.Deploy.0 = Release
	EndGlobalSection
	GlobalSection(SolutionProperties) = preSolution
		HideSolutionNode = FALSE
	EndGlobalSection
EndGlobal
