
Microsoft Visual Studio Solution File, Format Version 12.00
# Visual Studio 2013
VisualStudioVersion = 12.0.30723.0
MinimumVisualStudioVersion = 10.0.40219.1
Project("{00D1A9C2-B5F0-4AF3-8072-F6C62B433612}") = "Aphelion.MeerkatErrors.DB", "Aphelion.MeerkatErrors.DB\Aphelion.MeerkatErrors.DB.sqlproj", "{5285FA8C-62D1-457F-8FE8-F239305DAF41}"
EndProject
Global
	GlobalSection(SolutionConfigurationPlatforms) = preSolution
		Debug|Any CPU = Debug|Any CPU
		Release|Any CPU = Release|Any CPU
	EndGlobalSection
	GlobalSection(ProjectConfigurationPlatforms) = postSolution
		{5285FA8C-62D1-457F-8FE8-F239305DAF41}.Debug|Any CPU.ActiveCfg = Debug|Any CPU
		{5285FA8C-62D1-457F-8FE8-F239305DAF41}.Debug|Any CPU.Build.0 = Debug|Any CPU
		{5285FA8C-62D1-457F-8FE8-F239305DAF41}.Debug|Any CPU.Deploy.0 = Debug|Any CPU
		{5285FA8C-62D1-457F-8FE8-F239305DAF41}.Release|Any CPU.ActiveCfg = Release|Any CPU
		{5285FA8C-62D1-457F-8FE8-F239305DAF41}.Release|Any CPU.Build.0 = Release|Any CPU
		{5285FA8C-62D1-457F-8FE8-F239305DAF41}.Release|Any CPU.Deploy.0 = Release|Any CPU
	EndGlobalSection
	GlobalSection(SolutionProperties) = preSolution
		HideSolutionNode = FALSE
	EndGlobalSection
EndGlobal
