
Microsoft Visual Studio Solution File, Format Version 12.00
# Visual Studio 2010
Project("{159641D6-6404-4A2A-AE62-294DE0FE8301}") = "Aphelion.Meerkat.ETL", "Aphelion.Meerkat.ETL\Aphelion.Meerkat.ETL.dtproj", "{A5C685AD-F49A-4134-8C06-73B4148232A1}"
EndProject
Project("{159641D6-6404-4A2A-AE62-294DE0FE8301}") = "Aphelion.FileWatcher_QueueInsert", "Aphelion.FileWatcher_QueueInsert\Aphelion.FileWatcher_QueueInsert\Aphelion.FileWatcher_QueueInsert.dtproj", "{6EEF8956-6E5C-4488-A8B2-D6F6E6D19102}"
EndProject
Global
	GlobalSection(SolutionConfigurationPlatforms) = preSolution
		Development|Default = Development|Default
	EndGlobalSection
	GlobalSection(ProjectConfigurationPlatforms) = postSolution
		{A5C685AD-F49A-4134-8C06-73B4148232A1}.Development|Default.ActiveCfg = Development
		{A5C685AD-F49A-4134-8C06-73B4148232A1}.Development|Default.Build.0 = Development
		{6EEF8956-6E5C-4488-A8B2-D6F6E6D19102}.Development|Default.ActiveCfg = Development
		{6EEF8956-6E5C-4488-A8B2-D6F6E6D19102}.Development|Default.Build.0 = Development
	EndGlobalSection
	GlobalSection(SolutionProperties) = preSolution
		HideSolutionNode = FALSE
	EndGlobalSection
EndGlobal
