
Microsoft Visual Studio Solution File, Format Version 12.00
# Visual Studio 2013
VisualStudioVersion = 12.0.31101.0
MinimumVisualStudioVersion = 10.0.40219.1
Project("{2150E333-8FDC-42A3-9474-1A3956D46DE8}") = "Solution Items", "Solution Items", "{C093BD2F-63C2-4A23-A806-3536A372943C}"
	ProjectSection(SolutionItems) = preProject
		GeoJSON.vsmdi = GeoJSON.vsmdi
		LocalTestRun.testrunconfig = LocalTestRun.testrunconfig
	EndProjectSection
EndProject
Project("{FAE04EC0-301F-11D3-BF4B-00C04F79EFBC}") = "GeoJSON", "GeoJSON\GeoJSON.csproj", "{CD2676BB-A6C5-45EE-BEFC-FD330A5D5718}"
EndProject
Project("{FAE04EC0-301F-11D3-BF4B-00C04F79EFBC}") = "TestGeoJSON", "TestGeoJSON\TestGeoJSON.csproj", "{574CA679-074A-43BC-A48F-0266CCC60C8D}"
EndProject
Project("{FAE04EC0-301F-11D3-BF4B-00C04F79EFBC}") = "SampleWebApplication", "SampleWebApplication\SampleWebApplication.csproj", "{CC2FBA54-66AB-42CE-A543-F28461A19CDB}"
EndProject
Project("{FAE04EC0-301F-11D3-BF4B-00C04F79EFBC}") = "GEOJSONForm", "GEOJSONForm\GEOJSONForm.csproj", "{D2EE1DE0-DC0B-45EF-BE94-02B9CA040D92}"
EndProject
Global
	GlobalSection(SolutionConfigurationPlatforms) = preSolution
		Debug|Any CPU = Debug|Any CPU
		Release|Any CPU = Release|Any CPU
	EndGlobalSection
	GlobalSection(ProjectConfigurationPlatforms) = postSolution
		{CD2676BB-A6C5-45EE-BEFC-FD330A5D5718}.Debug|Any CPU.ActiveCfg = Debug|Any CPU
		{CD2676BB-A6C5-45EE-BEFC-FD330A5D5718}.Debug|Any CPU.Build.0 = Debug|Any CPU
		{CD2676BB-A6C5-45EE-BEFC-FD330A5D5718}.Release|Any CPU.ActiveCfg = Release|Any CPU
		{CD2676BB-A6C5-45EE-BEFC-FD330A5D5718}.Release|Any CPU.Build.0 = Release|Any CPU
		{574CA679-074A-43BC-A48F-0266CCC60C8D}.Debug|Any CPU.ActiveCfg = Debug|Any CPU
		{574CA679-074A-43BC-A48F-0266CCC60C8D}.Debug|Any CPU.Build.0 = Debug|Any CPU
		{574CA679-074A-43BC-A48F-0266CCC60C8D}.Release|Any CPU.ActiveCfg = Release|Any CPU
		{574CA679-074A-43BC-A48F-0266CCC60C8D}.Release|Any CPU.Build.0 = Release|Any CPU
		{CC2FBA54-66AB-42CE-A543-F28461A19CDB}.Debug|Any CPU.ActiveCfg = Debug|Any CPU
		{CC2FBA54-66AB-42CE-A543-F28461A19CDB}.Debug|Any CPU.Build.0 = Debug|Any CPU
		{CC2FBA54-66AB-42CE-A543-F28461A19CDB}.Release|Any CPU.ActiveCfg = Release|Any CPU
		{CC2FBA54-66AB-42CE-A543-F28461A19CDB}.Release|Any CPU.Build.0 = Release|Any CPU
		{D2EE1DE0-DC0B-45EF-BE94-02B9CA040D92}.Debug|Any CPU.ActiveCfg = Debug|Any CPU
		{D2EE1DE0-DC0B-45EF-BE94-02B9CA040D92}.Debug|Any CPU.Build.0 = Debug|Any CPU
		{D2EE1DE0-DC0B-45EF-BE94-02B9CA040D92}.Release|Any CPU.ActiveCfg = Release|Any CPU
		{D2EE1DE0-DC0B-45EF-BE94-02B9CA040D92}.Release|Any CPU.Build.0 = Release|Any CPU
	EndGlobalSection
	GlobalSection(SolutionProperties) = preSolution
		HideSolutionNode = FALSE
	EndGlobalSection
	GlobalSection(TestCaseManagementSettings) = postSolution
		CategoryFile = GeoJSON.vsmdi
	EndGlobalSection
EndGlobal
