
Microsoft Visual Studio Solution File, Format Version 12.00
# Visual Studio 2013
VisualStudioVersion = 12.0.30110.0
MinimumVisualStudioVersion = 10.0.40219.1
Project("{8D9C8A9D-5DED-4B64-BF65-B598BA549D93}") = "Aphelion.Meerkat.FormCapture", "Aphelion.Meerkat.FormCapture\Aphelion.Meerkat.FormCapture.lsxproj", "{F1DDF324-3A45-486A-98BE-9E222BF792D6}"
EndProject
Project("{FAE04EC0-301F-11D3-BF4B-00C04F79EFBC}") = "Aphelion.Meerkat.FormCapture.Server", "Aphelion.Meerkat.FormCapture\Aphelion.Meerkat.FormCapture.Server\Aphelion.Meerkat.FormCapture.Server.csproj", "{5D08DCA0-9014-4BB8-BCDA-593595CE666D}"
EndProject
Project("{262852C6-CD72-467D-83FE-5EEB1973A190}") = "Aphelion.Meerkat.FormCapture.HTMLClient", "Aphelion.Meerkat.FormCapture\Aphelion.Meerkat.FormCapture.HTMLClient\Aphelion.Meerkat.FormCapture.HTMLClient.jsproj", "{B2DDAA97-22F5-4546-8379-C531BB11B834}"
EndProject
Global
	GlobalSection(SolutionConfigurationPlatforms) = preSolution
		Debug|Any CPU = Debug|Any CPU
		Release|Any CPU = Release|Any CPU
	EndGlobalSection
	GlobalSection(ProjectConfigurationPlatforms) = postSolution
		{F1DDF324-3A45-486A-98BE-9E222BF792D6}.Debug|Any CPU.ActiveCfg = Debug|Any CPU
		{F1DDF324-3A45-486A-98BE-9E222BF792D6}.Debug|Any CPU.Build.0 = Debug|Any CPU
		{F1DDF324-3A45-486A-98BE-9E222BF792D6}.Release|Any CPU.ActiveCfg = Release|Any CPU
		{F1DDF324-3A45-486A-98BE-9E222BF792D6}.Release|Any CPU.Build.0 = Release|Any CPU
		{5D08DCA0-9014-4BB8-BCDA-593595CE666D}.Debug|Any CPU.ActiveCfg = Debug|Any CPU
		{5D08DCA0-9014-4BB8-BCDA-593595CE666D}.Debug|Any CPU.Build.0 = Debug|Any CPU
		{5D08DCA0-9014-4BB8-BCDA-593595CE666D}.Release|Any CPU.ActiveCfg = Release|Any CPU
		{5D08DCA0-9014-4BB8-BCDA-593595CE666D}.Release|Any CPU.Build.0 = Release|Any CPU
		{B2DDAA97-22F5-4546-8379-C531BB11B834}.Debug|Any CPU.ActiveCfg = Debug|Any CPU
		{B2DDAA97-22F5-4546-8379-C531BB11B834}.Debug|Any CPU.Build.0 = Debug|Any CPU
		{B2DDAA97-22F5-4546-8379-C531BB11B834}.Release|Any CPU.ActiveCfg = Release|Any CPU
		{B2DDAA97-22F5-4546-8379-C531BB11B834}.Release|Any CPU.Build.0 = Release|Any CPU
	EndGlobalSection
	GlobalSection(SolutionProperties) = preSolution
		HideSolutionNode = FALSE
	EndGlobalSection
EndGlobal
