
Microsoft Visual Studio Solution File, Format Version 11.00
# Visual Studio 2010
Project("{159641D6-6404-4A2A-AE62-294DE0FE8301}") = "Meerkat_ValueReports", "Meerkat_ValueReports\Meerkat_ValueReports.dtproj", "{A6CC02BC-5504-4137-99DE-A76737E87B3D}"
EndProject
Global
	GlobalSection(SolutionConfigurationPlatforms) = preSolution
		Development|Default = Development|Default
	EndGlobalSection
	GlobalSection(ProjectConfigurationPlatforms) = postSolution
		{A6CC02BC-5504-4137-99DE-A76737E87B3D}.Development|Default.ActiveCfg = Development
		{A6CC02BC-5504-4137-99DE-A76737E87B3D}.Development|Default.Build.0 = Development
	EndGlobalSection
	GlobalSection(SolutionProperties) = preSolution
		HideSolutionNode = FALSE
	EndGlobalSection
EndGlobal
