
Microsoft Visual Studio Solution File, Format Version 12.00
# Visual Studio 2012
Project("{159641D6-6404-4A2A-AE62-294DE0FE8301}") = "Aphelion.Meerkat.LoadStaging", "Aphelion.Meerkat.LoadStaging\Aphelion.Meerkat.LoadStaging.dtproj", "{F3199EB9-58D3-48C6-AF2C-1F3236173A1B}"
EndProject
Global
	GlobalSection(SolutionConfigurationPlatforms) = preSolution
		Development|Default = Development|Default
	EndGlobalSection
	GlobalSection(ProjectConfigurationPlatforms) = postSolution
		{F3199EB9-58D3-48C6-AF2C-1F3236173A1B}.Development|Default.ActiveCfg = Development
		{F3199EB9-58D3-48C6-AF2C-1F3236173A1B}.Development|Default.Build.0 = Development
	EndGlobalSection
	GlobalSection(SolutionProperties) = preSolution
		HideSolutionNode = FALSE
	EndGlobalSection
EndGlobal
