
Microsoft Visual Studio Solution File, Format Version 12.00
# Visual Studio 2012
Project("{FAE04EC0-301F-11D3-BF4B-00C04F79EFBC}") = "PW.CustomCodeConverter", "PW.CustomCodeConverter\PW.CustomCodeConverter.csproj", "{C2C20593-55D8-4603-9EFB-4BAA3E5CE0D5}"
EndProject
Project("{FAE04EC0-301F-11D3-BF4B-00C04F79EFBC}") = "PW.XMLA.Reader", "PW.XMLA.Reader\PW.XMLA.Reader.csproj", "{03357E8B-5E88-4213-A577-AF5217167071}"
EndProject
Project("{FAE04EC0-301F-11D3-BF4B-00C04F79EFBC}") = "PW.XMLA.Writer", "PW.XMLA.Writer\PW.XMLA.Writer.csproj", "{8A32DA80-EC29-4250-B0C0-E372DCB082BB}"
EndProject
Project("{FAE04EC0-301F-11D3-BF4B-00C04F79EFBC}") = "PW.Excel.WriterSubsets", "PW.Excel.WriterSubsets\PW.Excel.WriterSubsets.csproj", "{BB075CD5-C4B4-4D15-9B29-05ACDED54B4D}"
EndProject
Project("{FAE04EC0-301F-11D3-BF4B-00C04F79EFBC}") = "PW.PowerPivot.Writer", "PW.PowerPivot.Writer\PW.PowerPivot.Writer.csproj", "{93C83014-B44F-448A-8386-81AB40E4FE32}"
EndProject
Project("{FAE04EC0-301F-11D3-BF4B-00C04F79EFBC}") = "Aphelion.DW.StagingCreate", "Aphelion.DW.StagingCreate\Aphelion.DW.StagingCreate.csproj", "{CEAD0CEB-5FCA-4E1B-A44E-91257F8471F3}"
EndProject
Project("{FAE04EC0-301F-11D3-BF4B-00C04F79EFBC}") = "Aphelion.XMLA.FromMetadata", "Aphelion.XMLA.FromMetadata\Aphelion.XMLA.FromMetadata.csproj", "{58D0720F-4E06-4AAD-9B2C-1C6B9440B8C0}"
EndProject
Project("{FAE04EC0-301F-11D3-BF4B-00C04F79EFBC}") = "Aphelion.DW.Shared", "Aphelion.DW.Shared\Aphelion.DW.Shared.csproj", "{056C7040-6C7C-450B-B3C5-0A67F269C1A7}"
EndProject
Global
	GlobalSection(SolutionConfigurationPlatforms) = preSolution
		Debug|Any CPU = Debug|Any CPU
		Debug|Mixed Platforms = Debug|Mixed Platforms
		Debug|x86 = Debug|x86
		Development|Any CPU = Development|Any CPU
		Development|Mixed Platforms = Development|Mixed Platforms
		Development|x86 = Development|x86
		Release|Any CPU = Release|Any CPU
		Release|Mixed Platforms = Release|Mixed Platforms
		Release|x86 = Release|x86
	EndGlobalSection
	GlobalSection(ProjectConfigurationPlatforms) = postSolution
		{C2C20593-55D8-4603-9EFB-4BAA3E5CE0D5}.Debug|Any CPU.ActiveCfg = Debug|x86
		{C2C20593-55D8-4603-9EFB-4BAA3E5CE0D5}.Debug|Mixed Platforms.ActiveCfg = Debug|x86
		{C2C20593-55D8-4603-9EFB-4BAA3E5CE0D5}.Debug|Mixed Platforms.Build.0 = Debug|x86
		{C2C20593-55D8-4603-9EFB-4BAA3E5CE0D5}.Debug|x86.ActiveCfg = Debug|x86
		{C2C20593-55D8-4603-9EFB-4BAA3E5CE0D5}.Debug|x86.Build.0 = Debug|x86
		{C2C20593-55D8-4603-9EFB-4BAA3E5CE0D5}.Development|Any CPU.ActiveCfg = Debug|x86
		{C2C20593-55D8-4603-9EFB-4BAA3E5CE0D5}.Development|Mixed Platforms.ActiveCfg = Debug|x86
		{C2C20593-55D8-4603-9EFB-4BAA3E5CE0D5}.Development|Mixed Platforms.Build.0 = Debug|x86
		{C2C20593-55D8-4603-9EFB-4BAA3E5CE0D5}.Development|x86.ActiveCfg = Debug|x86
		{C2C20593-55D8-4603-9EFB-4BAA3E5CE0D5}.Development|x86.Build.0 = Debug|x86
		{C2C20593-55D8-4603-9EFB-4BAA3E5CE0D5}.Release|Any CPU.ActiveCfg = Release|x86
		{C2C20593-55D8-4603-9EFB-4BAA3E5CE0D5}.Release|Mixed Platforms.ActiveCfg = Release|x86
		{C2C20593-55D8-4603-9EFB-4BAA3E5CE0D5}.Release|Mixed Platforms.Build.0 = Release|x86
		{C2C20593-55D8-4603-9EFB-4BAA3E5CE0D5}.Release|x86.ActiveCfg = Release|x86
		{C2C20593-55D8-4603-9EFB-4BAA3E5CE0D5}.Release|x86.Build.0 = Release|x86
		{03357E8B-5E88-4213-A577-AF5217167071}.Debug|Any CPU.ActiveCfg = Debug|Any CPU
		{03357E8B-5E88-4213-A577-AF5217167071}.Debug|Any CPU.Build.0 = Debug|Any CPU
		{03357E8B-5E88-4213-A577-AF5217167071}.Debug|Mixed Platforms.ActiveCfg = Debug|Any CPU
		{03357E8B-5E88-4213-A577-AF5217167071}.Debug|Mixed Platforms.Build.0 = Debug|Any CPU
		{03357E8B-5E88-4213-A577-AF5217167071}.Debug|x86.ActiveCfg = Debug|Any CPU
		{03357E8B-5E88-4213-A577-AF5217167071}.Development|Any CPU.ActiveCfg = Debug|Any CPU
		{03357E8B-5E88-4213-A577-AF5217167071}.Development|Any CPU.Build.0 = Debug|Any CPU
		{03357E8B-5E88-4213-A577-AF5217167071}.Development|Mixed Platforms.ActiveCfg = Debug|Any CPU
		{03357E8B-5E88-4213-A577-AF5217167071}.Development|Mixed Platforms.Build.0 = Debug|Any CPU
		{03357E8B-5E88-4213-A577-AF5217167071}.Development|x86.ActiveCfg = Debug|Any CPU
		{03357E8B-5E88-4213-A577-AF5217167071}.Release|Any CPU.ActiveCfg = Release|Any CPU
		{03357E8B-5E88-4213-A577-AF5217167071}.Release|Any CPU.Build.0 = Release|Any CPU
		{03357E8B-5E88-4213-A577-AF5217167071}.Release|Mixed Platforms.ActiveCfg = Release|Any CPU
		{03357E8B-5E88-4213-A577-AF5217167071}.Release|Mixed Platforms.Build.0 = Release|Any CPU
		{03357E8B-5E88-4213-A577-AF5217167071}.Release|x86.ActiveCfg = Release|Any CPU
		{8A32DA80-EC29-4250-B0C0-E372DCB082BB}.Debug|Any CPU.ActiveCfg = Debug|Any CPU
		{8A32DA80-EC29-4250-B0C0-E372DCB082BB}.Debug|Any CPU.Build.0 = Debug|Any CPU
		{8A32DA80-EC29-4250-B0C0-E372DCB082BB}.Debug|Mixed Platforms.ActiveCfg = Debug|Any CPU
		{8A32DA80-EC29-4250-B0C0-E372DCB082BB}.Debug|Mixed Platforms.Build.0 = Debug|Any CPU
		{8A32DA80-EC29-4250-B0C0-E372DCB082BB}.Debug|x86.ActiveCfg = Debug|Any CPU
		{8A32DA80-EC29-4250-B0C0-E372DCB082BB}.Development|Any CPU.ActiveCfg = Debug|Any CPU
		{8A32DA80-EC29-4250-B0C0-E372DCB082BB}.Development|Any CPU.Build.0 = Debug|Any CPU
		{8A32DA80-EC29-4250-B0C0-E372DCB082BB}.Development|Mixed Platforms.ActiveCfg = Debug|Any CPU
		{8A32DA80-EC29-4250-B0C0-E372DCB082BB}.Development|Mixed Platforms.Build.0 = Debug|Any CPU
		{8A32DA80-EC29-4250-B0C0-E372DCB082BB}.Development|x86.ActiveCfg = Debug|Any CPU
		{8A32DA80-EC29-4250-B0C0-E372DCB082BB}.Release|Any CPU.ActiveCfg = Release|Any CPU
		{8A32DA80-EC29-4250-B0C0-E372DCB082BB}.Release|Any CPU.Build.0 = Release|Any CPU
		{8A32DA80-EC29-4250-B0C0-E372DCB082BB}.Release|Mixed Platforms.ActiveCfg = Release|Any CPU
		{8A32DA80-EC29-4250-B0C0-E372DCB082BB}.Release|Mixed Platforms.Build.0 = Release|Any CPU
		{8A32DA80-EC29-4250-B0C0-E372DCB082BB}.Release|x86.ActiveCfg = Release|Any CPU
		{BB075CD5-C4B4-4D15-9B29-05ACDED54B4D}.Debug|Any CPU.ActiveCfg = Debug|Any CPU
		{BB075CD5-C4B4-4D15-9B29-05ACDED54B4D}.Debug|Any CPU.Build.0 = Debug|Any CPU
		{BB075CD5-C4B4-4D15-9B29-05ACDED54B4D}.Debug|Mixed Platforms.ActiveCfg = Debug|Any CPU
		{BB075CD5-C4B4-4D15-9B29-05ACDED54B4D}.Debug|Mixed Platforms.Build.0 = Debug|Any CPU
		{BB075CD5-C4B4-4D15-9B29-05ACDED54B4D}.Debug|x86.ActiveCfg = Debug|Any CPU
		{BB075CD5-C4B4-4D15-9B29-05ACDED54B4D}.Development|Any CPU.ActiveCfg = Debug|Any CPU
		{BB075CD5-C4B4-4D15-9B29-05ACDED54B4D}.Development|Any CPU.Build.0 = Debug|Any CPU
		{BB075CD5-C4B4-4D15-9B29-05ACDED54B4D}.Development|Mixed Platforms.ActiveCfg = Debug|Any CPU
		{BB075CD5-C4B4-4D15-9B29-05ACDED54B4D}.Development|Mixed Platforms.Build.0 = Debug|Any CPU
		{BB075CD5-C4B4-4D15-9B29-05ACDED54B4D}.Development|x86.ActiveCfg = Debug|Any CPU
		{BB075CD5-C4B4-4D15-9B29-05ACDED54B4D}.Release|Any CPU.ActiveCfg = Release|Any CPU
		{BB075CD5-C4B4-4D15-9B29-05ACDED54B4D}.Release|Any CPU.Build.0 = Release|Any CPU
		{BB075CD5-C4B4-4D15-9B29-05ACDED54B4D}.Release|Mixed Platforms.ActiveCfg = Release|Any CPU
		{BB075CD5-C4B4-4D15-9B29-05ACDED54B4D}.Release|Mixed Platforms.Build.0 = Release|Any CPU
		{BB075CD5-C4B4-4D15-9B29-05ACDED54B4D}.Release|x86.ActiveCfg = Release|Any CPU
		{93C83014-B44F-448A-8386-81AB40E4FE32}.Debug|Any CPU.ActiveCfg = Debug|Any CPU
		{93C83014-B44F-448A-8386-81AB40E4FE32}.Debug|Any CPU.Build.0 = Debug|Any CPU
		{93C83014-B44F-448A-8386-81AB40E4FE32}.Debug|Mixed Platforms.ActiveCfg = Debug|Any CPU
		{93C83014-B44F-448A-8386-81AB40E4FE32}.Debug|Mixed Platforms.Build.0 = Debug|Any CPU
		{93C83014-B44F-448A-8386-81AB40E4FE32}.Debug|x86.ActiveCfg = Debug|Any CPU
		{93C83014-B44F-448A-8386-81AB40E4FE32}.Development|Any CPU.ActiveCfg = Debug|Any CPU
		{93C83014-B44F-448A-8386-81AB40E4FE32}.Development|Any CPU.Build.0 = Debug|Any CPU
		{93C83014-B44F-448A-8386-81AB40E4FE32}.Development|Mixed Platforms.ActiveCfg = Debug|Any CPU
		{93C83014-B44F-448A-8386-81AB40E4FE32}.Development|Mixed Platforms.Build.0 = Debug|Any CPU
		{93C83014-B44F-448A-8386-81AB40E4FE32}.Development|x86.ActiveCfg = Debug|Any CPU
		{93C83014-B44F-448A-8386-81AB40E4FE32}.Release|Any CPU.ActiveCfg = Release|Any CPU
		{93C83014-B44F-448A-8386-81AB40E4FE32}.Release|Any CPU.Build.0 = Release|Any CPU
		{93C83014-B44F-448A-8386-81AB40E4FE32}.Release|Mixed Platforms.ActiveCfg = Release|Any CPU
		{93C83014-B44F-448A-8386-81AB40E4FE32}.Release|Mixed Platforms.Build.0 = Release|Any CPU
		{93C83014-B44F-448A-8386-81AB40E4FE32}.Release|x86.ActiveCfg = Release|Any CPU
		{CEAD0CEB-5FCA-4E1B-A44E-91257F8471F3}.Debug|Any CPU.ActiveCfg = Debug|Any CPU
		{CEAD0CEB-5FCA-4E1B-A44E-91257F8471F3}.Debug|Any CPU.Build.0 = Debug|Any CPU
		{CEAD0CEB-5FCA-4E1B-A44E-91257F8471F3}.Debug|Mixed Platforms.ActiveCfg = Debug|Any CPU
		{CEAD0CEB-5FCA-4E1B-A44E-91257F8471F3}.Debug|Mixed Platforms.Build.0 = Debug|Any CPU
		{CEAD0CEB-5FCA-4E1B-A44E-91257F8471F3}.Debug|x86.ActiveCfg = Debug|Any CPU
		{CEAD0CEB-5FCA-4E1B-A44E-91257F8471F3}.Development|Any CPU.ActiveCfg = Debug|Any CPU
		{CEAD0CEB-5FCA-4E1B-A44E-91257F8471F3}.Development|Any CPU.Build.0 = Debug|Any CPU
		{CEAD0CEB-5FCA-4E1B-A44E-91257F8471F3}.Development|Mixed Platforms.ActiveCfg = Debug|Any CPU
		{CEAD0CEB-5FCA-4E1B-A44E-91257F8471F3}.Development|Mixed Platforms.Build.0 = Debug|Any CPU
		{CEAD0CEB-5FCA-4E1B-A44E-91257F8471F3}.Development|x86.ActiveCfg = Debug|Any CPU
		{CEAD0CEB-5FCA-4E1B-A44E-91257F8471F3}.Release|Any CPU.ActiveCfg = Release|Any CPU
		{CEAD0CEB-5FCA-4E1B-A44E-91257F8471F3}.Release|Any CPU.Build.0 = Release|Any CPU
		{CEAD0CEB-5FCA-4E1B-A44E-91257F8471F3}.Release|Mixed Platforms.ActiveCfg = Release|Any CPU
		{CEAD0CEB-5FCA-4E1B-A44E-91257F8471F3}.Release|Mixed Platforms.Build.0 = Release|Any CPU
		{CEAD0CEB-5FCA-4E1B-A44E-91257F8471F3}.Release|x86.ActiveCfg = Release|Any CPU
		{58D0720F-4E06-4AAD-9B2C-1C6B9440B8C0}.Debug|Any CPU.ActiveCfg = Debug|Any CPU
		{58D0720F-4E06-4AAD-9B2C-1C6B9440B8C0}.Debug|Any CPU.Build.0 = Debug|Any CPU
		{58D0720F-4E06-4AAD-9B2C-1C6B9440B8C0}.Debug|Mixed Platforms.ActiveCfg = Debug|Any CPU
		{58D0720F-4E06-4AAD-9B2C-1C6B9440B8C0}.Debug|Mixed Platforms.Build.0 = Debug|Any CPU
		{58D0720F-4E06-4AAD-9B2C-1C6B9440B8C0}.Debug|x86.ActiveCfg = Debug|Any CPU
		{58D0720F-4E06-4AAD-9B2C-1C6B9440B8C0}.Development|Any CPU.ActiveCfg = Debug|Any CPU
		{58D0720F-4E06-4AAD-9B2C-1C6B9440B8C0}.Development|Any CPU.Build.0 = Debug|Any CPU
		{58D0720F-4E06-4AAD-9B2C-1C6B9440B8C0}.Development|Mixed Platforms.ActiveCfg = Debug|Any CPU
		{58D0720F-4E06-4AAD-9B2C-1C6B9440B8C0}.Development|Mixed Platforms.Build.0 = Debug|Any CPU
		{58D0720F-4E06-4AAD-9B2C-1C6B9440B8C0}.Development|x86.ActiveCfg = Debug|Any CPU
		{58D0720F-4E06-4AAD-9B2C-1C6B9440B8C0}.Release|Any CPU.ActiveCfg = Release|Any CPU
		{58D0720F-4E06-4AAD-9B2C-1C6B9440B8C0}.Release|Any CPU.Build.0 = Release|Any CPU
		{58D0720F-4E06-4AAD-9B2C-1C6B9440B8C0}.Release|Mixed Platforms.ActiveCfg = Release|Any CPU
		{58D0720F-4E06-4AAD-9B2C-1C6B9440B8C0}.Release|Mixed Platforms.Build.0 = Release|Any CPU
		{58D0720F-4E06-4AAD-9B2C-1C6B9440B8C0}.Release|x86.ActiveCfg = Release|Any CPU
		{056C7040-6C7C-450B-B3C5-0A67F269C1A7}.Debug|Any CPU.ActiveCfg = Debug|Any CPU
		{056C7040-6C7C-450B-B3C5-0A67F269C1A7}.Debug|Any CPU.Build.0 = Debug|Any CPU
		{056C7040-6C7C-450B-B3C5-0A67F269C1A7}.Debug|Mixed Platforms.ActiveCfg = Debug|Any CPU
		{056C7040-6C7C-450B-B3C5-0A67F269C1A7}.Debug|Mixed Platforms.Build.0 = Debug|Any CPU
		{056C7040-6C7C-450B-B3C5-0A67F269C1A7}.Debug|x86.ActiveCfg = Debug|Any CPU
		{056C7040-6C7C-450B-B3C5-0A67F269C1A7}.Development|Any CPU.ActiveCfg = Debug|Any CPU
		{056C7040-6C7C-450B-B3C5-0A67F269C1A7}.Development|Any CPU.Build.0 = Debug|Any CPU
		{056C7040-6C7C-450B-B3C5-0A67F269C1A7}.Development|Mixed Platforms.ActiveCfg = Debug|Any CPU
		{056C7040-6C7C-450B-B3C5-0A67F269C1A7}.Development|Mixed Platforms.Build.0 = Debug|Any CPU
		{056C7040-6C7C-450B-B3C5-0A67F269C1A7}.Development|x86.ActiveCfg = Debug|Any CPU
		{056C7040-6C7C-450B-B3C5-0A67F269C1A7}.Release|Any CPU.ActiveCfg = Release|Any CPU
		{056C7040-6C7C-450B-B3C5-0A67F269C1A7}.Release|Any CPU.Build.0 = Release|Any CPU
		{056C7040-6C7C-450B-B3C5-0A67F269C1A7}.Release|Mixed Platforms.ActiveCfg = Release|Any CPU
		{056C7040-6C7C-450B-B3C5-0A67F269C1A7}.Release|Mixed Platforms.Build.0 = Release|Any CPU
		{056C7040-6C7C-450B-B3C5-0A67F269C1A7}.Release|x86.ActiveCfg = Release|Any CPU
	EndGlobalSection
	GlobalSection(SolutionProperties) = preSolution
		HideSolutionNode = FALSE
	EndGlobalSection
EndGlobal
