
Microsoft Visual Studio Solution File, Format Version 12.00
# Visual Studio 2013
VisualStudioVersion = 12.0.30110.0
MinimumVisualStudioVersion = 10.0.40219.1
Project("{8D9C8A9D-5DED-4B64-BF65-B598BA549D93}") = "Aphelion.Meerkat.FormBuilder", "Aphelion.Meerkat.FormBuilder.lsxproj", "{137B083F-6DFD-4CD7-8858-E4EBE0B5736D}"
EndProject
Project("{FAE04EC0-301F-11D3-BF4B-00C04F79EFBC}") = "Aphelion.Meerkat.FormBuilder.Server", "Aphelion.Meerkat.FormBuilder.Server\Aphelion.Meerkat.FormBuilder.Server.csproj", "{E83A0EED-455D-4434-A690-1913EB29936C}"
EndProject
Project("{262852C6-CD72-467D-83FE-5EEB1973A190}") = "Aphelion.Meerkat.FormBuilder.HTMLClient", "Aphelion.Meerkat.FormBuilder.HTMLClient\Aphelion.Meerkat.FormBuilder.HTMLClient.jsproj", "{490E04B6-0F7D-4DA1-A3AC-61C9644D397A}"
EndProject
Global
	GlobalSection(SolutionConfigurationPlatforms) = preSolution
		Debug|Any CPU = Debug|Any CPU
		Release|Any CPU = Release|Any CPU
	EndGlobalSection
	GlobalSection(ProjectConfigurationPlatforms) = postSolution
		{137B083F-6DFD-4CD7-8858-E4EBE0B5736D}.Debug|Any CPU.ActiveCfg = Debug|Any CPU
		{137B083F-6DFD-4CD7-8858-E4EBE0B5736D}.Debug|Any CPU.Build.0 = Debug|Any CPU
		{137B083F-6DFD-4CD7-8858-E4EBE0B5736D}.Release|Any CPU.ActiveCfg = Release|Any CPU
		{137B083F-6DFD-4CD7-8858-E4EBE0B5736D}.Release|Any CPU.Build.0 = Release|Any CPU
		{E83A0EED-455D-4434-A690-1913EB29936C}.Debug|Any CPU.ActiveCfg = Debug|Any CPU
		{E83A0EED-455D-4434-A690-1913EB29936C}.Debug|Any CPU.Build.0 = Debug|Any CPU
		{E83A0EED-455D-4434-A690-1913EB29936C}.Release|Any CPU.ActiveCfg = Release|Any CPU
		{E83A0EED-455D-4434-A690-1913EB29936C}.Release|Any CPU.Build.0 = Release|Any CPU
		{490E04B6-0F7D-4DA1-A3AC-61C9644D397A}.Debug|Any CPU.ActiveCfg = Debug|Any CPU
		{490E04B6-0F7D-4DA1-A3AC-61C9644D397A}.Debug|Any CPU.Build.0 = Debug|Any CPU
		{490E04B6-0F7D-4DA1-A3AC-61C9644D397A}.Release|Any CPU.ActiveCfg = Release|Any CPU
		{490E04B6-0F7D-4DA1-A3AC-61C9644D397A}.Release|Any CPU.Build.0 = Release|Any CPU
	EndGlobalSection
	GlobalSection(SolutionProperties) = preSolution
		HideSolutionNode = FALSE
	EndGlobalSection
EndGlobal
