Microsoft Visual Studio Solution File, Format Version 12.00
# Visual Studio 2013
VisualStudioVersion = 12.0.30723.0
MinimumVisualStudioVersion = 10.0.40219.1
Project("{581633EB-B896-402F-8E60-36F3DA191C85}") = "MeerkatAdmin_2_1", "MeerkatAdmin_2\MeerkatAdmin_2_1.lsxtproj", "{75CBC317-5F77-45B1-A02F-11A91F602AA4}"
EndProject
Project("{262852C6-CD72-467D-83FE-5EEB1973A190}") = "MeerkatAdmin_2.HTMLClient", "MeerkatAdmin_2\MeerkatAdmin_2.HTMLClient\MeerkatAdmin_2.HTMLClient.jsproj", "{AF37218D-BA80-48FE-A9FC-C9FC2EB491D1}"
EndProject
Project("{FAE04EC0-301F-11D3-BF4B-00C04F79EFBC}") = "MeerkatAdmin_2.Server", "MeerkatAdmin_2\MeerkatAdmin_2.Server\MeerkatAdmin_2.Server.csproj", "{F68A2E89-8B3E-4E37-91CE-18DAE5E4EA85}"
EndProject
Global
	GlobalSection(SolutionConfigurationPlatforms) = preSolution
		Debug|Any CPU = Debug|Any CPU
		Release|Any CPU = Release|Any CPU
	EndGlobalSection
	GlobalSection(ProjectConfigurationPlatforms) = postSolution
		{75CBC317-5F77-45B1-A02F-11A91F602AA4}.Debug|Any CPU.ActiveCfg = Debug|Any CPU
		{75CBC317-5F77-45B1-A02F-11A91F602AA4}.Debug|Any CPU.Build.0 = Debug|Any CPU
		{75CBC317-5F77-45B1-A02F-11A91F602AA4}.Release|Any CPU.ActiveCfg = Release|Any CPU
		{75CBC317-5F77-45B1-A02F-11A91F602AA4}.Release|Any CPU.Build.0 = Release|Any CPU
		{AF37218D-BA80-48FE-A9FC-C9FC2EB491D1}.Debug|Any CPU.ActiveCfg = Debug|Any CPU
		{AF37218D-BA80-48FE-A9FC-C9FC2EB491D1}.Debug|Any CPU.Build.0 = Debug|Any CPU
		{AF37218D-BA80-48FE-A9FC-C9FC2EB491D1}.Release|Any CPU.ActiveCfg = Release|Any CPU
		{AF37218D-BA80-48FE-A9FC-C9FC2EB491D1}.Release|Any CPU.Build.0 = Release|Any CPU
		{F68A2E89-8B3E-4E37-91CE-18DAE5E4EA85}.Debug|Any CPU.ActiveCfg = Debug|Any CPU
		{F68A2E89-8B3E-4E37-91CE-18DAE5E4EA85}.Debug|Any CPU.Build.0 = Debug|Any CPU
		{F68A2E89-8B3E-4E37-91CE-18DAE5E4EA85}.Release|Any CPU.ActiveCfg = Release|Any CPU
		{F68A2E89-8B3E-4E37-91CE-18DAE5E4EA85}.Release|Any CPU.Build.0 = Release|Any CPU
	EndGlobalSection
	GlobalSection(SolutionProperties) = preSolution
		HideSolutionNode = FALSE
	EndGlobalSection
EndGlobal
